
Microsoft Visual Studio Solution File, Format Version 12.00
# Visual Studio Version 17
VisualStudioVersion = 17.12.35707.178
MinimumVisualStudioVersion = 10.0.40219.1
Project("{FAE04EC0-301F-11D3-BF4B-00C04F79EFBC}") = "test_api_jwt", "test_api_jwt\test_api_jwt.csproj", "{D9BD9595-B8F3-41C8-ABE9-B12A3E2D35F7}"
EndProject
Project("{FAE04EC0-301F-11D3-BF4B-00C04F79EFBC}") = "test_api_jwt.Tests", "test_api_jwt.Tests\test_api_jwt.Tests.csproj", "{3D06F0DF-3FBF-4B5A-B6A1-44CD9678A55D}"
EndProject
Global
	GlobalSection(SolutionConfigurationPlatforms) = preSolution
		Debug|Any CPU = Debug|Any CPU
		Release|Any CPU = Release|Any CPU
	EndGlobalSection
	GlobalSection(ProjectConfigurationPlatforms) = postSolution
		{D9BD9595-B8F3-41C8-ABE9-B12A3E2D35F7}.Debug|Any CPU.ActiveCfg = Debug|Any CPU
		{D9BD9595-B8F3-41C8-ABE9-B12A3E2D35F7}.Debug|Any CPU.Build.0 = Debug|Any CPU
		{D9BD9595-B8F3-41C8-ABE9-B12A3E2D35F7}.Release|Any CPU.ActiveCfg = Release|Any CPU
		{D9BD9595-B8F3-41C8-ABE9-B12A3E2D35F7}.Release|Any CPU.Build.0 = Release|Any CPU
		{3D06F0DF-3FBF-4B5A-B6A1-44CD9678A55D}.Debug|Any CPU.ActiveCfg = Debug|Any CPU
		{3D06F0DF-3FBF-4B5A-B6A1-44CD9678A55D}.Debug|Any CPU.Build.0 = Debug|Any CPU
		{3D06F0DF-3FBF-4B5A-B6A1-44CD9678A55D}.Release|Any CPU.ActiveCfg = Release|Any CPU
		{3D06F0DF-3FBF-4B5A-B6A1-44CD9678A55D}.Release|Any CPU.Build.0 = Release|Any CPU
	EndGlobalSection
	GlobalSection(SolutionProperties) = preSolution
		HideSolutionNode = FALSE
	EndGlobalSection
EndGlobal
